
Microsoft Visual Studio Solution File, Format Version 12.00
# Visual Studio Version 16
VisualStudioVersion = 16.0.32428.217
MinimumVisualStudioVersion = 10.0.40219.1
Project("{FAE04EC0-301F-11D3-BF4B-00C04F79EFBC}") = "PrzegladaraStrukturyDyskowej", "PrzegladaraStrukturyDyskowej\PrzegladaraStrukturyDyskowej.csproj", "{C5B26FFA-F8B4-4E1E-92EE-7A8E99A06A7E}"
EndProject
Global
	GlobalSection(SolutionConfigurationPlatforms) = preSolution
		Debug|Any CPU = Debug|Any CPU
		Release|Any CPU = Release|Any CPU
	EndGlobalSection
	GlobalSection(ProjectConfigurationPlatforms) = postSolution
		{C5B26FFA-F8B4-4E1E-92EE-7A8E99A06A7E}.Debug|Any CPU.ActiveCfg = Debug|Any CPU
		{C5B26FFA-F8B4-4E1E-92EE-7A8E99A06A7E}.Debug|Any CPU.Build.0 = Debug|Any CPU
		{C5B26FFA-F8B4-4E1E-92EE-7A8E99A06A7E}.Release|Any CPU.ActiveCfg = Release|Any CPU
		{C5B26FFA-F8B4-4E1E-92EE-7A8E99A06A7E}.Release|Any CPU.Build.0 = Release|Any CPU
	EndGlobalSection
	GlobalSection(SolutionProperties) = preSolution
		HideSolutionNode = FALSE
	EndGlobalSection
	GlobalSection(ExtensibilityGlobals) = postSolution
		SolutionGuid = {105C2B99-BF46-4119-A0E7-E9BE4350349C}
	EndGlobalSection
EndGlobal
